
Microsoft Visual Studio Solution File, Format Version 12.00
# Visual Studio Version 17
VisualStudioVersion = 17.9.34701.34
MinimumVisualStudioVersion = 10.0.40219.1
Project("{FAE04EC0-301F-11D3-BF4B-00C04F79EFBC}") = "Expenses_Management_System", "Expenses_Management_System\Expenses_Management_System.csproj", "{84DF1D65-FC1B-4007-B4C7-8EBE3C6447FC}"
EndProject
Global
	GlobalSection(SolutionConfigurationPlatforms) = preSolution
		Debug|Any CPU = Debug|Any CPU
		Release|Any CPU = Release|Any CPU
	EndGlobalSection
	GlobalSection(ProjectConfigurationPlatforms) = postSolution
		{84DF1D65-FC1B-4007-B4C7-8EBE3C6447FC}.Debug|Any CPU.ActiveCfg = Debug|Any CPU
		{84DF1D65-FC1B-4007-B4C7-8EBE3C6447FC}.Debug|Any CPU.Build.0 = Debug|Any CPU
		{84DF1D65-FC1B-4007-B4C7-8EBE3C6447FC}.Release|Any CPU.ActiveCfg = Release|Any CPU
		{84DF1D65-FC1B-4007-B4C7-8EBE3C6447FC}.Release|Any CPU.Build.0 = Release|Any CPU
	EndGlobalSection
	GlobalSection(SolutionProperties) = preSolution
		HideSolutionNode = FALSE
	EndGlobalSection
	GlobalSection(ExtensibilityGlobals) = postSolution
		SolutionGuid = {9538AB63-4C71-49CF-90C8-BAC9EDA59643}
	EndGlobalSection
EndGlobal
